
Microsoft Visual Studio Solution File, Format Version 12.00
# Visual Studio Version 16
VisualStudioVersion = 16.0.30804.86
MinimumVisualStudioVersion = 10.0.40219.1
Project("{FAE04EC0-301F-11D3-BF4B-00C04F79EFBC}") = "BasicStackOperations", "StacksQueues\BasicStackOperations.csproj", "{07996FDD-8255-4715-B7E2-13BFBEA9CFFF}"
EndProject
Project("{FAE04EC0-301F-11D3-BF4B-00C04F79EFBC}") = "BasicQueueOperations", "BasicQueueOperations\BasicQueueOperations.csproj", "{D10175E7-AC52-4F64-A609-F90D23B09AC2}"
EndProject
Project("{FAE04EC0-301F-11D3-BF4B-00C04F79EFBC}") = "MaximumMinimumElement", "MaximumMinimumElement\MaximumMinimumElement.csproj", "{2591252F-4B53-4301-92EA-D2C2A29464F4}"
EndProject
Project("{FAE04EC0-301F-11D3-BF4B-00C04F79EFBC}") = "FastFood", "FastFood\FastFood.csproj", "{2398AA96-96C3-4EA2-BC40-4E4EAAAC0F40}"
EndProject
Project("{FAE04EC0-301F-11D3-BF4B-00C04F79EFBC}") = "FashionBoutique", "FashionBoutique\FashionBoutique.csproj", "{ADAB708F-E266-48DA-A613-D0078677F75C}"
EndProject
Project("{FAE04EC0-301F-11D3-BF4B-00C04F79EFBC}") = "SongsQueue", "SongsQueue\SongsQueue.csproj", "{712D7AB2-BF3F-4840-A857-FF74E6998202}"
EndProject
Global
	GlobalSection(SolutionConfigurationPlatforms) = preSolution
		Debug|Any CPU = Debug|Any CPU
		Release|Any CPU = Release|Any CPU
	EndGlobalSection
	GlobalSection(ProjectConfigurationPlatforms) = postSolution
		{07996FDD-8255-4715-B7E2-13BFBEA9CFFF}.Debug|Any CPU.ActiveCfg = Debug|Any CPU
		{07996FDD-8255-4715-B7E2-13BFBEA9CFFF}.Debug|Any CPU.Build.0 = Debug|Any CPU
		{07996FDD-8255-4715-B7E2-13BFBEA9CFFF}.Release|Any CPU.ActiveCfg = Release|Any CPU
		{07996FDD-8255-4715-B7E2-13BFBEA9CFFF}.Release|Any CPU.Build.0 = Release|Any CPU
		{D10175E7-AC52-4F64-A609-F90D23B09AC2}.Debug|Any CPU.ActiveCfg = Debug|Any CPU
		{D10175E7-AC52-4F64-A609-F90D23B09AC2}.Debug|Any CPU.Build.0 = Debug|Any CPU
		{D10175E7-AC52-4F64-A609-F90D23B09AC2}.Release|Any CPU.ActiveCfg = Release|Any CPU
		{D10175E7-AC52-4F64-A609-F90D23B09AC2}.Release|Any CPU.Build.0 = Release|Any CPU
		{2591252F-4B53-4301-92EA-D2C2A29464F4}.Debug|Any CPU.ActiveCfg = Debug|Any CPU
		{2591252F-4B53-4301-92EA-D2C2A29464F4}.Debug|Any CPU.Build.0 = Debug|Any CPU
		{2591252F-4B53-4301-92EA-D2C2A29464F4}.Release|Any CPU.ActiveCfg = Release|Any CPU
		{2591252F-4B53-4301-92EA-D2C2A29464F4}.Release|Any CPU.Build.0 = Release|Any CPU
		{2398AA96-96C3-4EA2-BC40-4E4EAAAC0F40}.Debug|Any CPU.ActiveCfg = Debug|Any CPU
		{2398AA96-96C3-4EA2-BC40-4E4EAAAC0F40}.Debug|Any CPU.Build.0 = Debug|Any CPU
		{2398AA96-96C3-4EA2-BC40-4E4EAAAC0F40}.Release|Any CPU.ActiveCfg = Release|Any CPU
		{2398AA96-96C3-4EA2-BC40-4E4EAAAC0F40}.Release|Any CPU.Build.0 = Release|Any CPU
		{ADAB708F-E266-48DA-A613-D0078677F75C}.Debug|Any CPU.ActiveCfg = Debug|Any CPU
		{ADAB708F-E266-48DA-A613-D0078677F75C}.Debug|Any CPU.Build.0 = Debug|Any CPU
		{ADAB708F-E266-48DA-A613-D0078677F75C}.Release|Any CPU.ActiveCfg = Release|Any CPU
		{ADAB708F-E266-48DA-A613-D0078677F75C}.Release|Any CPU.Build.0 = Release|Any CPU
		{712D7AB2-BF3F-4840-A857-FF74E6998202}.Debug|Any CPU.ActiveCfg = Debug|Any CPU
		{712D7AB2-BF3F-4840-A857-FF74E6998202}.Debug|Any CPU.Build.0 = Debug|Any CPU
		{712D7AB2-BF3F-4840-A857-FF74E6998202}.Release|Any CPU.ActiveCfg = Release|Any CPU
		{712D7AB2-BF3F-4840-A857-FF74E6998202}.Release|Any CPU.Build.0 = Release|Any CPU
	EndGlobalSection
	GlobalSection(SolutionProperties) = preSolution
		HideSolutionNode = FALSE
	EndGlobalSection
	GlobalSection(ExtensibilityGlobals) = postSolution
		SolutionGuid = {0EA10A54-1079-4DDD-8D85-A240E537F086}
	EndGlobalSection
EndGlobal
